{
    "_meta": {
        "hash": {
            "sha256": "a3a7e67b3c77be8d88ecbff9a85091431c59eb1790b785809229becacac94a5a"
        },
        "pipfile-spec": 6,
        "requires": {
            "python_version": "3.6"
        },
        "sources": [
            {
                "name": "pypi",
                "url": "https://pypi.org/simple",
                "verify_ssl": true
            }
        ]
    },
    "default": {
        "amqp": {
            "hashes": [
                "sha256:6e649ca13a7df3faacdc8bbb280aa9a6602d22fd9d545336077e573a1f4ff3b8",
                "sha256:77f1aef9410698d20eaeac5b73a87817365f457a507d82edf292e12cbb83b08d"
            ],
            "version": "==2.5.2"
        },
        "asana": {
            "hashes": [
                "sha256:412398ff0f72104f5fb602653b994cdd36de89aedff2d37229b237f300f5f01b",
                "sha256:d576601116764050c4cf63b417f1c24700b76cf6686f0e51e6b0b77d450e7973"
            ],
            "index": "pypi",
            "version": "==0.6.7"
        },
        "asn1crypto": {
            "hashes": [
                "sha256:5a215cb8dc12f892244e3a113fe05397ee23c5c4ca7a69cd6e69811755efc42d",
                "sha256:831d2710d3274c8a74befdddaf9f17fcbf6e350534565074818722d6d615b315"
            ],
            "version": "==1.3.0"
        },
        "billiard": {
            "hashes": [
                "sha256:42d9a227401ac4fba892918bba0a0c409def5435c4b483267ebfe821afaaba0e"
            ],
            "version": "==3.5.0.5"
        },
        "bleach": {
            "hashes": [
                "sha256:cc8da25076a1fe56c3ac63671e2194458e0c4d9c7becfd52ca251650d517903c",
                "sha256:e78e426105ac07026ba098f04de8abe9b6e3e98b5befbf89b51a5ef0a4292b03"
            ],
            "index": "pypi",
            "version": "==3.1.4"
        },
        "cairocffi": {
            "hashes": [
                "sha256:f1c0c5878f74ac9ccb5d48b2601fcc75390c881ce476e79f4cfedd288b1b05db"
            ],
            "version": "==1.1.0"
        },
        "cairosvg": {
            "hashes": [
                "sha256:d2da5aaa31ded26affd5cdffc371ec4cc48800bc2d822a9c28504360482418a1"
            ],
            "index": "pypi",
            "version": "==2.0.3"
        },
        "celery": {
            "hashes": [
                "sha256:0e5b7e0d7f03aa02061abfd27aa9da05b6740281ca1f5228a54fbf7fe74d8afa",
                "sha256:e3d5a6c56a73ff8f2ddd4d06dc37f4c2afe4bb4da7928b884d0725ea865ef54d"
            ],
            "index": "pypi",
            "version": "==4.0.2"
        },
        "certifi": {
            "hashes": [
                "sha256:017c25db2a153ce562900032d5bc68e9f191e44e9a0f762f373977de9df1fbb3",
                "sha256:25b64c7da4cd7479594d035c08c2d809eb4aab3a26e5a990ea98cc450c320f1f"
            ],
            "version": "==2019.11.28"
        },
        "cffi": {
            "hashes": [
                "sha256:001bf3242a1bb04d985d63e138230802c6c8d4db3668fb545fb5005ddf5bb5ff",
                "sha256:00789914be39dffba161cfc5be31b55775de5ba2235fe49aa28c148236c4e06b",
                "sha256:028a579fc9aed3af38f4892bdcc7390508adabc30c6af4a6e4f611b0c680e6ac",
                "sha256:14491a910663bf9f13ddf2bc8f60562d6bc5315c1f09c704937ef17293fb85b0",
                "sha256:1cae98a7054b5c9391eb3249b86e0e99ab1e02bb0cc0575da191aedadbdf4384",
                "sha256:2089ed025da3919d2e75a4d963d008330c96751127dd6f73c8dc0c65041b4c26",
                "sha256:2d384f4a127a15ba701207f7639d94106693b6cd64173d6c8988e2c25f3ac2b6",
                "sha256:337d448e5a725bba2d8293c48d9353fc68d0e9e4088d62a9571def317797522b",
                "sha256:399aed636c7d3749bbed55bc907c3288cb43c65c4389964ad5ff849b6370603e",
                "sha256:3b911c2dbd4f423b4c4fcca138cadde747abdb20d196c4a48708b8a2d32b16dd",
                "sha256:3d311bcc4a41408cf5854f06ef2c5cab88f9fded37a3b95936c9879c1640d4c2",
                "sha256:62ae9af2d069ea2698bf536dcfe1e4eed9090211dbaafeeedf5cb6c41b352f66",
                "sha256:66e41db66b47d0d8672d8ed2708ba91b2f2524ece3dee48b5dfb36be8c2f21dc",
                "sha256:675686925a9fb403edba0114db74e741d8181683dcf216be697d208857e04ca8",
                "sha256:7e63cbcf2429a8dbfe48dcc2322d5f2220b77b2e17b7ba023d6166d84655da55",
                "sha256:8a6c688fefb4e1cd56feb6c511984a6c4f7ec7d2a1ff31a10254f3c817054ae4",
                "sha256:8c0ffc886aea5df6a1762d0019e9cb05f825d0eec1f520c51be9d198701daee5",
                "sha256:95cd16d3dee553f882540c1ffe331d085c9e629499ceadfbda4d4fde635f4b7d",
                "sha256:99f748a7e71ff382613b4e1acc0ac83bf7ad167fb3802e35e90d9763daba4d78",
                "sha256:b8c78301cefcf5fd914aad35d3c04c2b21ce8629b5e4f4e45ae6812e461910fa",
                "sha256:c420917b188a5582a56d8b93bdd8e0f6eca08c84ff623a4c16e809152cd35793",
                "sha256:c43866529f2f06fe0edc6246eb4faa34f03fe88b64a0a9a942561c8e22f4b71f",
                "sha256:cab50b8c2250b46fe738c77dbd25ce017d5e6fb35d3407606e7a4180656a5a6a",
                "sha256:cef128cb4d5e0b3493f058f10ce32365972c554572ff821e175dbc6f8ff6924f",
                "sha256:cf16e3cf6c0a5fdd9bc10c21687e19d29ad1fe863372b5543deaec1039581a30",
                "sha256:e56c744aa6ff427a607763346e4170629caf7e48ead6921745986db3692f987f",
                "sha256:e577934fc5f8779c554639376beeaa5657d54349096ef24abe8c74c5d9c117c3",
                "sha256:f2b0fa0c01d8a0c7483afd9f31d7ecf2d71760ca24499c8697aeb5ca37dc090c"
            ],
            "version": "==1.14.0"
        },
        "chardet": {
            "hashes": [
                "sha256:84ab92ed1c4d4f16916e05906b6b75a6c0fb5db821cc65e70cbd64a3e2a5eaae",
                "sha256:fc323ffcaeaed0e0a02bf4d117757b98aed530d9ed4531e3e15460124c106691"
            ],
            "version": "==3.0.4"
        },
        "contextlib2": {
            "hashes": [
                "sha256:01f490098c18b19d2bd5bb5dc445b2054d2fa97f09a4280ba2c5f3c394c8162e",
                "sha256:3355078a159fbb44ee60ea80abd0d87b80b78c248643b49aa6d94673b413609b"
            ],
            "version": "==0.6.0.post1"
        },
        "cryptography": {
            "hashes": [
                "sha256:02602e1672b62e803e08617ec286041cc453e8d43f093a5f4162095506bc0beb",
                "sha256:10b48e848e1edb93c1d3b797c83c72b4c387ab0eb4330aaa26da8049a6cbede0",
                "sha256:17db09db9d7c5de130023657be42689d1a5f60502a14f6f745f6f65a6b8195c0",
                "sha256:227da3a896df1106b1a69b1e319dce218fa04395e8cc78be7e31ca94c21254bc",
                "sha256:2cbaa03ac677db6c821dac3f4cdfd1461a32d0615847eedbb0df54bb7802e1f7",
                "sha256:31db8febfc768e4b4bd826750a70c79c99ea423f4697d1dab764eb9f9f849519",
                "sha256:4a510d268e55e2e067715d728e4ca6cd26a8e9f1f3d174faf88e6f2cb6b6c395",
                "sha256:6a88d9004310a198c474d8a822ee96a6dd6c01efe66facdf17cb692512ae5bc0",
                "sha256:76936ec70a9b72eb8c58314c38c55a0336a2b36de0c7ee8fb874a4547cadbd39",
                "sha256:7e3b4aecc4040928efa8a7cdaf074e868af32c58ffc9bb77e7bf2c1a16783286",
                "sha256:8168bcb08403ef144ff1fb880d416f49e2728101d02aaadfe9645883222c0aa5",
                "sha256:8229ceb79a1792823d87779959184a1bf95768e9248c93ae9f97c7a2f60376a1",
                "sha256:8a19e9f2fe69f6a44a5c156968d9fc8df56d09798d0c6a34ccc373bb186cee86",
                "sha256:8d10113ca826a4c29d5b85b2c4e045ffa8bad74fb525ee0eceb1d38d4c70dfd6",
                "sha256:be495b8ec5a939a7605274b6e59fbc35e76f5ad814ae010eb679529671c9e119",
                "sha256:dc2d3f3b1548f4d11786616cf0f4415e25b0fbecb8a1d2cd8c07568f13fdde38",
                "sha256:e4aecdd9d5a3d06c337894c9a6e2961898d3f64fe54ca920a72234a3de0f9cb3",
                "sha256:e79ab4485b99eacb2166f3212218dd858258f374855e1568f728462b0e6ee0d9",
                "sha256:f995d3667301e1754c57b04e0bae6f0fa9d710697a9f8d6712e8cca02550910f"
            ],
            "index": "pypi",
            "version": "==2.3.1"
        },
        "cssselect": {
            "hashes": [
                "sha256:f612ee47b749c877ebae5bb77035d8f4202c6ad0f0fc1271b3c18ad6c4468ecf",
                "sha256:f95f8dedd925fd8f54edb3d2dfb44c190d9d18512377d3c1e2388d16126879bc"
            ],
            "version": "==1.1.0"
        },
        "cssutils": {
            "hashes": [
                "sha256:a2fcf06467553038e98fea9cfe36af2bf14063eb147a70958cfcaa8f5786acaf",
                "sha256:c74dbe19c92f5052774eadb15136263548dd013250f1ed1027988e7fef125c8d"
            ],
            "version": "==1.0.2"
        },
        "diff-match-patch": {
            "hashes": [
                "sha256:9dba5611fbf27893347349fd51cc1911cb403682a7163373adacc565d11e2e4c"
            ],
            "index": "pypi",
            "version": "==20121119"
        },
        "django": {
            "hashes": [
                "sha256:830d5d40a1705089502bba70605ab3246831440ffc16d1501dfeeef5f4b9c845",
                "sha256:94395804ad80f68d66090a74d68ff2583b43333e1785a026c2aa10cf161642a6"
            ],
            "index": "pypi",
            "version": "==1.11.22"
        },
        "django-ipware": {
            "hashes": [
                "sha256:93a90f9dd8caf2c633172aa8c8ba4e76e2b44f92a6942fa35e7624281e81ea03"
            ],
            "index": "pypi",
            "version": "==1.1.6"
        },
        "django-jinja": {
            "hashes": [
                "sha256:5e826a0cce967f40e6fdc037ea23667a2d3cd072807c4c87ffcc010b3c59121f",
                "sha256:ebfde44cb716e57a9cdff6c1a4935fc49c7419ea4cd0b2b89bcecc696b9c0c86"
            ],
            "index": "pypi",
            "version": "==2.3.1"
        },
        "django-pglocks": {
            "hashes": [
                "sha256:9405ee54bbf157bb16b814f20ea7ad9d82d5cf26f9bf3ea8e3a71032179844cf"
            ],
            "index": "pypi",
            "version": "==1.0.2"
        },
        "django-picklefield": {
            "hashes": [
                "sha256:5489fef164de43725242d56e65e016137d3df0d1a00672bda72d807f5b2b0d99",
                "sha256:fab48a427c6310740755b242128f9300283bef159ffee42d3231a274c65d9ae2"
            ],
            "index": "pypi",
            "version": "==0.3.2"
        },
        "django-sampledatahelper": {
            "hashes": [
                "sha256:96d0a599054979eb9669d44a1735236da42d56be0c45d4bcd34c2a3acefb259d"
            ],
            "index": "pypi",
            "version": "==0.4.1"
        },
        "django-sites": {
            "hashes": [
                "sha256:fa1470bd72be589f3891b7cd28dd2d782d8b34539665d9334e49154566f3d916"
            ],
            "index": "pypi",
            "version": "==0.9"
        },
        "django-sr": {
            "hashes": [
                "sha256:3586b852ae8af1b4b2796590534b0b867b523f47a5779b2ccb6ce010efc57e34"
            ],
            "index": "pypi",
            "version": "==0.0.4"
        },
        "djmail": {
            "hashes": [
                "sha256:370f57230bf79004840ddd1cb8150a5b7676b2aa14bc5b62027106cb708a47a0"
            ],
            "index": "pypi",
            "version": "==1.0.1"
        },
        "docopt": {
            "hashes": [
                "sha256:49b3a825280bd66b3aa83585ef59c4a8c82f2c8a522dbe754a8bc8d08c85c491"
            ],
            "version": "==0.6.2"
        },
        "easy-thumbnails": {
            "hashes": [
                "sha256:5cc51c6ec7de110355d0f8cd56c9ede6e2949e87c2fcb34bc864a20ecd424270",
                "sha256:6e41e70a182a6d00af9f3f3a6d1cc87cb7da060a3d56982da51d266e40fc9b59"
            ],
            "index": "pypi",
            "version": "==2.4.1"
        },
        "fn": {
            "hashes": [
                "sha256:f8cd80cdabf15367a2f07e7a9951fdc013d7200412743d85b88f2c896c95bada"
            ],
            "index": "pypi",
            "version": "==0.4.3"
        },
        "gunicorn": {
            "hashes": [
                "sha256:75af03c99389535f218cc596c7de74df4763803f7b63eb09d77e92b3956b36c6",
                "sha256:eee1169f0ca667be05db3351a0960765620dad53f53434262ff8901b68a1b622"
            ],
            "index": "pypi",
            "version": "==19.7.1"
        },
        "idna": {
            "hashes": [
                "sha256:c357b3f628cf53ae2c4c05627ecc484553142ca23264e593d327bcde5e9c3407",
                "sha256:ea8b7f6188e6fa117537c3df7da9fc686d485087abf6ac197f9c46432f7e4a3c"
            ],
            "version": "==2.8"
        },
        "jinja2": {
            "hashes": [
                "sha256:93187ffbc7808079673ef52771baa950426fd664d3aad1d0fa3e95644360e250",
                "sha256:b0eaf100007721b5c16c1fc1eecb87409464edc10469ddc9a22a27a99123be49"
            ],
            "version": "==2.11.1"
        },
        "kombu": {
            "hashes": [
                "sha256:385bf38e6de7f3851f674671dbfe24572ce999608d293a85fb8a630654d8bd9c",
                "sha256:d0fc6f2a36610a308f838db4b832dad79a681b516ac1d1a1f9d42edb58cc11a2"
            ],
            "index": "pypi",
            "version": "==4.0.2"
        },
        "lxml": {
            "hashes": [
                "sha256:06d4e0bbb1d62e38ae6118406d7cdb4693a3fa34ee3762238bcb96c9e36a93cd",
                "sha256:0701f7965903a1c3f6f09328c1278ac0eee8f56f244e66af79cb224b7ef3801c",
                "sha256:1f2c4ec372bf1c4a2c7e4bb20845e8bcf8050365189d86806bad1e3ae473d081",
                "sha256:4235bc124fdcf611d02047d7034164897ade13046bda967768836629bc62784f",
                "sha256:5828c7f3e615f3975d48f40d4fe66e8a7b25f16b5e5705ffe1d22e43fb1f6261",
                "sha256:585c0869f75577ac7a8ff38d08f7aac9033da2c41c11352ebf86a04652758b7a",
                "sha256:5d467ce9c5d35b3bcc7172c06320dddb275fea6ac2037f72f0a4d7472035cea9",
                "sha256:63dbc21efd7e822c11d5ddbedbbb08cd11a41e0032e382a0fd59b0b08e405a3a",
                "sha256:7bc1b221e7867f2e7ff1933165c0cec7153dce93d0cdba6554b42a8beb687bdb",
                "sha256:8620ce80f50d023d414183bf90cc2576c2837b88e00bea3f33ad2630133bbb60",
                "sha256:8a0ebda56ebca1a83eb2d1ac266649b80af8dd4b4a3502b2c1e09ac2f88fe128",
                "sha256:90ed0e36455a81b25b7034038e40880189169c308a3df360861ad74da7b68c1a",
                "sha256:95e67224815ef86924fbc2b71a9dbd1f7262384bca4bc4793645794ac4200717",
                "sha256:afdb34b715daf814d1abea0317b6d672476b498472f1e5aacbadc34ebbc26e89",
                "sha256:b4b2c63cc7963aedd08a5f5a454c9f67251b1ac9e22fd9d72836206c42dc2a72",
                "sha256:d068f55bda3c2c3fcaec24bd083d9e2eede32c583faf084d6e4b9daaea77dde8",
                "sha256:d5b3c4b7edd2e770375a01139be11307f04341ec709cf724e0f26ebb1eef12c3",
                "sha256:deadf4df349d1dcd7b2853a2c8796593cc346600726eff680ed8ed11812382a7",
                "sha256:df533af6f88080419c5a604d0d63b2c33b1c0c4409aba7d0cb6de305147ea8c8",
                "sha256:e4aa948eb15018a657702fee0b9db47e908491c64d36b4a90f59a64741516e77",
                "sha256:e5d842c73e4ef6ed8c1bd77806bf84a7cb535f9c0cf9b2c74d02ebda310070e1",
                "sha256:ebec08091a22c2be870890913bdadd86fcd8e9f0f22bcb398abd3af914690c15",
                "sha256:edc15fcfd77395e24543be48871c251f38132bb834d9fdfdad756adb6ea37679",
                "sha256:f2b74784ed7e0bc2d02bd53e48ad6ba523c9b36c194260b7a5045071abbb1012",
                "sha256:fa071559f14bd1e92077b1b5f6c22cf09756c6de7139370249eb372854ce51e6",
                "sha256:fd52e796fee7171c4361d441796b64df1acfceb51f29e545e812f16d023c4bbc",
                "sha256:fe976a0f1ef09b3638778024ab9fb8cde3118f203364212c198f71341c0715ca"
            ],
            "version": "==4.5.0"
        },
        "markdown": {
            "hashes": [
                "sha256:c00429bd503a47ec88d5e30a751e147dcb4c6889663cd3e2ba0afe858e009baa",
                "sha256:d02e0f9b04c500cde6637c11ad7c72671f359b87b9fe924b2383649d8841db7c"
            ],
            "index": "pypi",
            "version": "==3.0.1"
        },
        "markupsafe": {
            "hashes": [
                "sha256:00bc623926325b26bb9605ae9eae8a215691f33cae5df11ca5424f06f2d1f473",
                "sha256:09027a7803a62ca78792ad89403b1b7a73a01c8cb65909cd876f7fcebd79b161",
                "sha256:09c4b7f37d6c648cb13f9230d847adf22f8171b1ccc4d5682398e77f40309235",
                "sha256:1027c282dad077d0bae18be6794e6b6b8c91d58ed8a8d89a89d59693b9131db5",
                "sha256:13d3144e1e340870b25e7b10b98d779608c02016d5184cfb9927a9f10c689f42",
                "sha256:24982cc2533820871eba85ba648cd53d8623687ff11cbb805be4ff7b4c971aff",
                "sha256:29872e92839765e546828bb7754a68c418d927cd064fd4708fab9fe9c8bb116b",
                "sha256:43a55c2930bbc139570ac2452adf3d70cdbb3cfe5912c71cdce1c2c6bbd9c5d1",
                "sha256:46c99d2de99945ec5cb54f23c8cd5689f6d7177305ebff350a58ce5f8de1669e",
                "sha256:500d4957e52ddc3351cabf489e79c91c17f6e0899158447047588650b5e69183",
                "sha256:535f6fc4d397c1563d08b88e485c3496cf5784e927af890fb3c3aac7f933ec66",
                "sha256:596510de112c685489095da617b5bcbbac7dd6384aeebeda4df6025d0256a81b",
                "sha256:62fe6c95e3ec8a7fad637b7f3d372c15ec1caa01ab47926cfdf7a75b40e0eac1",
                "sha256:6788b695d50a51edb699cb55e35487e430fa21f1ed838122d722e0ff0ac5ba15",
                "sha256:6dd73240d2af64df90aa7c4e7481e23825ea70af4b4922f8ede5b9e35f78a3b1",
                "sha256:717ba8fe3ae9cc0006d7c451f0bb265ee07739daf76355d06366154ee68d221e",
                "sha256:79855e1c5b8da654cf486b830bd42c06e8780cea587384cf6545b7d9ac013a0b",
                "sha256:7c1699dfe0cf8ff607dbdcc1e9b9af1755371f92a68f706051cc8c37d447c905",
                "sha256:88e5fcfb52ee7b911e8bb6d6aa2fd21fbecc674eadd44118a9cc3863f938e735",
                "sha256:8defac2f2ccd6805ebf65f5eeb132adcf2ab57aa11fdf4c0dd5169a004710e7d",
                "sha256:98c7086708b163d425c67c7a91bad6e466bb99d797aa64f965e9d25c12111a5e",
                "sha256:9add70b36c5666a2ed02b43b335fe19002ee5235efd4b8a89bfcf9005bebac0d",
                "sha256:9bf40443012702a1d2070043cb6291650a0841ece432556f784f004937f0f32c",
                "sha256:ade5e387d2ad0d7ebf59146cc00c8044acbd863725f887353a10df825fc8ae21",
                "sha256:b00c1de48212e4cc9603895652c5c410df699856a2853135b3967591e4beebc2",
                "sha256:b1282f8c00509d99fef04d8ba936b156d419be841854fe901d8ae224c59f0be5",
                "sha256:b2051432115498d3562c084a49bba65d97cf251f5a331c64a12ee7e04dacc51b",
                "sha256:ba59edeaa2fc6114428f1637ffff42da1e311e29382d81b339c1817d37ec93c6",
                "sha256:c8716a48d94b06bb3b2524c2b77e055fb313aeb4ea620c8dd03a105574ba704f",
                "sha256:cd5df75523866410809ca100dc9681e301e3c27567cf498077e8551b6d20e42f",
                "sha256:cdb132fc825c38e1aeec2c8aa9338310d29d337bebbd7baa06889d09a60a1fa2",
                "sha256:e249096428b3ae81b08327a63a485ad0878de3fb939049038579ac0ef61e17e7",
                "sha256:e8313f01ba26fbbe36c7be1966a7b7424942f670f38e666995b88d012765b9be"
            ],
            "version": "==1.1.1"
        },
        "netaddr": {
            "hashes": [
                "sha256:38aeec7cdd035081d3a4c306394b19d677623bf76fa0913f6695127c7753aefd",
                "sha256:56b3558bd71f3f6999e4c52e349f38660e54a7a8a9943335f73dfc96883e08ca"
            ],
            "index": "pypi",
            "version": "==0.7.19"
        },
        "oauthlib": {
            "extras": [
                "signedtoken"
            ],
            "hashes": [
                "sha256:40a63637707e9163eda62d0f5345120c65e001a790480b8256448543c1f78f66",
                "sha256:b4d99ae8ccfb7d33ba9591b59355c64eef5241534aa3da2e4c0435346b84bc8e"
            ],
            "index": "pypi",
            "version": "==3.0.2"
        },
        "olefile": {
            "hashes": [
                "sha256:133b031eaf8fd2c9399b78b8bc5b8fcbe4c31e85295749bb17a87cba8f3c3964"
            ],
            "version": "==0.46"
        },
        "pillow": {
            "hashes": [
                "sha256:00b6a5f28d00f720235a937ebc2f50f4292a5c7e2d6ab9a8b26153b625c4f431",
                "sha256:025208f835383f425e93d574842f9c5d28918cd4cdf632c1ce2e72ab80d8fcc8",
                "sha256:059a9b4e064b70e1396a3ae64781a91512f773cae548c24b12014616f723f22d",
                "sha256:17f7702f22729ffeb69f5226abf3261ef2d2eb73ab5854c1294daa3bdb5bdfb7",
                "sha256:20a3549d7a83e969eb900c726d54b34673efc1d0e3c9856b8227350f7e21d968",
                "sha256:24258e1875c8a9de1b176bf1873436397669440d1561b06b00eb270bffefcb42",
                "sha256:318b4404c8ca34cc1514d60de81ac4a0b0d11031a70341c2b7cd4fc01c914d89",
                "sha256:33a71986741227c8c085ee5929171cd4c9376b2eee189cdc7acc7d81e1a3ca84",
                "sha256:3499deb97561d6cc75de725fcf744491dd2d10d6213a29c4d62e3980e1522715",
                "sha256:3ad24690882b68599b9e6b25309000881eebcc731ca499f8dcc549fab006e4a3",
                "sha256:3c05df947656d8538dfb39fb8ddb9fe3594c9345911aa19f07e2ed0a8d148a6d",
                "sha256:48cdae5e5291d355fc215ede2ea93738e243c2467b11e41fa5010a76fd278fc5",
                "sha256:4b382c0ee6ac822673e1a57c2e9878d2ac4cd52038be097bac8535a2ee60ec0e",
                "sha256:6458293cf299f02f17f58a1ee4b91f77b8ce7a38bc0e757838767f1389479953",
                "sha256:8ef6627adfe9314b4132d4f5207563ba147e3977019ab1ca3f0b11b04c83c84f",
                "sha256:9c508bf0b2aadad4349f69aebe080977dbf0cd055cefc15793c4165851a96933",
                "sha256:9d7c0706cd86fc17643d78674cdac7f05590a2da1d71c42c2ebfb27df3889f17",
                "sha256:a2a873b54881c4cf4d8b37f3c426c2b8f797b341e3893650763a62252bda3922",
                "sha256:b79fc81352a3c907a1223499d790a4a7b77be342b794e19628046c4c95676356",
                "sha256:c040a047209edaf860ce6dd5b55de718e047144b26b0ee4198dd19907c128eac",
                "sha256:d71992826cfed66f5ad68364b2c6c3c1ab305294a642deae96ad77004981fb0f",
                "sha256:e467d0977997b43ca80b7af42de3d1cfa779988f6507965e6d4fb1a004e963a0",
                "sha256:ecf810b5019ce62846a9203bab82eb02bb9ed60e258b2fd89e2ca19a7010da46",
                "sha256:f4fb801bfd2bcbfc4a7f2819c95ea6a1cfef197420ae9849b01b08b9970a51b3",
                "sha256:f63404731fa5fa0c21d00af119b867e30208e3fc148c9b13fb6a541a8df203b2",
                "sha256:f8e8f3f20e32f73f81ec408061f7a81ada07d7b3fac0787bdd233b93e4ff7d9c",
                "sha256:fb3eaba16b6cf01f12860edccac40f98362bc17225575f3bcabb333d0b4ed6dc"
            ],
            "index": "pypi",
            "version": "==4.1.1"
        },
        "premailer": {
            "hashes": [
                "sha256:25c97c4c1838a8045ed1da1a14bd82ce458687878aa162378a78aa82a6aec6af",
                "sha256:4e71cc09ad1438f827d1070ffac54ceb3a6a07c995fa82cb34c1ef163adeb432"
            ],
            "index": "pypi",
            "version": "==3.0.1"
        },
        "psd-tools": {
            "hashes": [
                "sha256:1a8dd69783c84217f3a25938916c289e5653543c5610e9013769520e8bd65b3c",
                "sha256:7f3fd8577fb627405a204a65d4ccea48299f95338a71fbd9709bdb9d7789cc4e",
                "sha256:f519a08049c19b3ef37ccc2b39af11ac5ded59d2674fc4c28103e4db57a9aa99"
            ],
            "index": "pypi",
            "version": "==1.4"
        },
        "psycopg2-binary": {
            "hashes": [
                "sha256:04afb59bbbd2eab3148e6816beddc74348078b8c02a1113ea7f7822f5be4afe3",
                "sha256:098b18f4d8857a8f9b206d1dc54db56c2255d5d26458917e7bcad61ebfe4338f",
                "sha256:0bf855d4a7083e20ead961fda4923887094eaeace0ab2d76eb4aa300f4bbf5bd",
                "sha256:197dda3ffd02057820be83fe4d84529ea70bf39a9a4daee1d20ffc74eb3d042e",
                "sha256:278ef63afb4b3d842b4609f2c05ffbfb76795cf6a184deeb8707cd5ed3c981a5",
                "sha256:3cbf8c4fc8f22f0817220891cf405831559f4d4c12c4f73913730a2ea6c47a47",
                "sha256:4305aed922c4d9d6163ab3a41d80b5a1cfab54917467da8168552c42cad84d32",
                "sha256:47ee296f704fb8b2a616dec691cdcfd5fa0f11943955e88faa98cbd1dc3b3e3d",
                "sha256:4a0e38cb30457e70580903367161173d4a7d1381eb2f2cfe4e69b7806623f484",
                "sha256:4d6c294c6638a71cafb82a37f182f24321f1163b08b5d5ca076e11fe838a3086",
                "sha256:4f3233c366500730f839f92833194fd8f9a5c4529c8cd8040aa162c3740de8e5",
                "sha256:5221f5a3f4ca2ddf0d58e8b8a32ca50948be9a43351fda797eb4e72d7a7aa34d",
                "sha256:5c6ca0b507540a11eaf9e77dee4f07c131c2ec80ca0cffa146671bf690bc1c02",
                "sha256:789bd89d71d704db2b3d5e67d6d518b158985d791d3b2dec5ab85457cfc9677b",
                "sha256:7b94d29239efeaa6a967f3b5971bd0518d2a24edd1511edbf4a2c8b815220d07",
                "sha256:89bc65ef3301c74cf32db25334421ea6adbe8f65601ea45dcaaf095abed910bb",
                "sha256:89d6d3a549f405c20c9ae4dc94d7ed2de2fa77427a470674490a622070732e62",
                "sha256:97521704ac7127d7d8ba22877da3c7bf4a40366587d238ec679ff38e33177498",
                "sha256:a395b62d5f44ff6f633231abe568e2203b8fabf9797cd6386aa92497df912d9a",
                "sha256:a6d32c37f714c3f34158f3fa659f3a8f2658d5f53c4297d45579b9677cc4d852",
                "sha256:a89ee5c26f72f2d0d74b991ce49e42ddeb4ac0dc2d8c06a0f2770a1ab48f4fe0",
                "sha256:b4c8b0ef3608e59317bfc501df84a61e48b5445d45f24d0391a24802de5f2d84",
                "sha256:b5fcf07140219a1f71e18486b8dc28e2e1b76a441c19374805c617aa6d9a9d55",
                "sha256:b86f527f00956ecebad6ab3bb30e3a75fedf1160a8716978dd8ce7adddedd86f",
                "sha256:be4c4aa22ba22f70de36c98b06480e2f1697972d49eb20d525f400d204a6d272",
                "sha256:c2ac7aa1a144d4e0e613ac7286dae85671e99fe7a1353954d4905629c36b811c",
                "sha256:de26ef4787b5e778e8223913a3e50368b44e7480f83c76df1f51d23bd21cea16",
                "sha256:e70ebcfc5372dc7b699c0110454fc4263967f30c55454397e5769eb72c0eb0ce",
                "sha256:eadbd32b6bc48b67b0457fccc94c86f7ccc8178ab839f684eb285bb592dc143e",
                "sha256:ecbc6dfff6db06b8b72ae8a2f25ff20fbdcb83cb543811a08f7cb555042aa729"
            ],
            "index": "pypi",
            "version": "==2.7.5"
        },
        "pycparser": {
            "hashes": [
                "sha256:2d475327684562c3a96cc71adf7dc8c4f0565175cf86b6d7a404ff4c771f15f0",
                "sha256:7582ad22678f0fcd81102833f60ef8d0e57288b6b5fb00323d101be910e35705"
            ],
            "version": "==2.20"
        },
        "pygments": {
            "hashes": [
                "sha256:78f3f434bcc5d6ee09020f92ba487f95ba50f1e3ef83ae96b9d5ffa1bab25c5d",
                "sha256:dbae1046def0efb574852fab9e90209b23f556367b5a320c0bcb871c77c3e8cc"
            ],
            "index": "pypi",
            "version": "==2.2.0"
        },
        "pyjwt": {
            "hashes": [
                "sha256:5c6eca3c2940464d106b99ba83b00c6add741c9becaec087fb7ccdefea71350e",
                "sha256:8d59a976fb773f3e6a39c85636357c4f0e242707394cadadd9814f5cbaa20e96"
            ],
            "version": "==1.7.1"
        },
        "python-dateutil": {
            "hashes": [
                "sha256:063df5763652e21de43de7d9e00ccf239f953a832941e37be541614732cdfc93",
                "sha256:88f9287c0174266bb0d8cedd395cfba9c58e87e5ad86b2ce58859bc11be3cf02"
            ],
            "index": "pypi",
            "version": "==2.7.5"
        },
        "python-magic": {
            "hashes": [
                "sha256:604eace6f665809bebbb07070508dfa8cabb2d7cb05be9a56706c60f864f1289",
                "sha256:a1ec69e76cc513b1af164c02982607f96ff3bb668162a688f2b1bb5f6a5fe05d"
            ],
            "index": "pypi",
            "version": "==0.4.13"
        },
        "pytz": {
            "hashes": [
                "sha256:303879e36b721603cc54604edcac9d20401bdbe31e1e4fdee5b9f98d5d31dfda",
                "sha256:d747dd3d23d77ef44c6a3526e274af6efeb0a6f1afd5a69ba4d5be4098c8e141"
            ],
            "index": "pypi",
            "version": "==2019.1"
        },
        "raven": {
            "hashes": [
                "sha256:02cabffb173b99d860a95d4908e8b1864aad1b8452146e13fd7e212aa576a884",
                "sha256:56dc9062dd42bca97350e5048ff417c914376366caa3b1b5f788b27ddc0a34b7"
            ],
            "index": "pypi",
            "version": "==6.1.0"
        },
        "redis": {
            "hashes": [
                "sha256:5dfbae6acfc54edf0a7a415b99e0b21c0a3c27a7f787b292eea727b1facc5533",
                "sha256:97156b37d7cda4e7d8658be1148c983984e1a975090ba458cc7e244025191dbd"
            ],
            "index": "pypi",
            "version": "==2.10.5"
        },
        "requests": {
            "hashes": [
                "sha256:502a824f31acdacb3a35b6690b5fbf0bc41d63a24a45c4004352b0242707598e",
                "sha256:7bf2a778576d825600030a110f3c0e3e8edc51dfaafe1c146e39a2027784957b"
            ],
            "index": "pypi",
            "version": "==2.21.0"
        },
        "requests-oauthlib": {
            "hashes": [
                "sha256:50a8ae2ce8273e384895972b56193c7409601a66d4975774c60c2aed869639ca",
                "sha256:883ac416757eada6d3d07054ec7092ac21c7f35cb1d2cf82faf205637081f468"
            ],
            "index": "pypi",
            "version": "==0.8.0"
        },
        "sampledata": {
            "hashes": [
                "sha256:b06916ef010d3c1a9db8aa314a144f24ad421f28597ff8c568603c451391a2cf"
            ],
            "version": "==0.3.7"
        },
        "serpy": {
            "hashes": [
                "sha256:b1481f8cb93d767b23903d1df6cc0a7120cb0694095b6695eb78d9d453b23c65",
                "sha256:b774bfdf0c3b245660639e9fc5f311a8bbceb2725aaba72fce1fec00b453286e"
            ],
            "index": "pypi",
            "version": "==0.1.1"
        },
        "six": {
            "hashes": [
                "sha256:236bdbdce46e6e6a3d61a337c0f8b763ca1e8717c03b369e87a7ec7ce1319c0a",
                "sha256:8f3cd2e254d8f793e7f3d6d9df77b92252b52637291d0f0da013c76ea2724b6c"
            ],
            "version": "==1.14.0"
        },
        "tinycss": {
            "hashes": [
                "sha256:12306fb50e5e9e7eaeef84b802ed877488ba80e35c672867f548c0924a76716e"
            ],
            "version": "==0.4"
        },
        "unidecode": {
            "hashes": [
                "sha256:ed4418b4b1b190487753f1cca6299e8076079258647284414e6d607d1f8a00e0",
                "sha256:eedac7bfd886f43484787206f6a141b232e2b2a58652c54d06499b187fd84660"
            ],
            "index": "pypi",
            "version": "==0.4.20"
        },
        "urllib3": {
            "hashes": [
                "sha256:2393a695cd12afedd0dcb26fe5d50d0cf248e5a66f75dbd89a3d4eb333a61af4",
                "sha256:a637e5fae88995b256e3409dc4d52c2e2e0ba32c42a6365fee8bbd2238de3cfb"
            ],
            "version": "==1.24.3"
        },
        "vine": {
            "hashes": [
                "sha256:133ee6d7a9016f177ddeaf191c1f58421a1dcc6ee9a42c58b34bed40e1d2cd87",
                "sha256:ea4947cc56d1fd6f2095c8d543ee25dad966f78692528e68b4fada11ba3f98af"
            ],
            "version": "==1.3.0"
        },
        "webcolors": {
            "hashes": [
                "sha256:e47e68644d41c0b1f1e4d939cfe4039bdf1ab31234df63c7a4f59d4766487206"
            ],
            "index": "pypi",
            "version": "==1.7"
        },
        "webencodings": {
            "hashes": [
                "sha256:a0af1213f3c2226497a97e2b3aa01a7e4bee4f403f95be16fc9acd2947514a78",
                "sha256:b36a1c245f2d304965eb4e0a82848379241dc04b865afcc4aab16748587e1923"
            ],
            "version": "==0.5.1"
        }
    },
    "develop": {
        "atomicwrites": {
            "hashes": [
                "sha256:03472c30eb2c5d1ba9227e4c2ca66ab8287fbfbbda3888aa93dc2e28fc6811b4",
                "sha256:75a9445bac02d8d058d5e1fe689654ba5a6556a1dfd8ce6ec55a0ed79866cfa6"
            ],
            "version": "==1.3.0"
        },
        "attrs": {
            "hashes": [
                "sha256:08a96c641c3a74e44eb59afb61a24f2cb9f4d7188748e76ba4bb5edfa3cb7d1c",
                "sha256:f7b7ce16570fe9965acd6d30101a28f62fb4a7f9e926b3bbc9b61f8b04247e72"
            ],
            "version": "==19.3.0"
        },
        "certifi": {
            "hashes": [
                "sha256:017c25db2a153ce562900032d5bc68e9f191e44e9a0f762f373977de9df1fbb3",
                "sha256:25b64c7da4cd7479594d035c08c2d809eb4aab3a26e5a990ea98cc450c320f1f"
            ],
            "version": "==2019.11.28"
        },
        "chardet": {
            "hashes": [
                "sha256:84ab92ed1c4d4f16916e05906b6b75a6c0fb5db821cc65e70cbd64a3e2a5eaae",
                "sha256:fc323ffcaeaed0e0a02bf4d117757b98aed530d9ed4531e3e15460124c106691"
            ],
            "version": "==3.0.4"
        },
        "coverage": {
            "hashes": [
                "sha256:3684fabf6b87a369017756b551cef29e505cb155ddb892a7a29277b978da88b9",
                "sha256:39e088da9b284f1bd17c750ac672103779f7954ce6125fd4382134ac8d152d74",
                "sha256:3c205bc11cc4fcc57b761c2da73b9b72a59f8d5ca89979afb0c1c6f9e53c7390",
                "sha256:465ce53a8c0f3a7950dfb836438442f833cf6663d407f37d8c52fe7b6e56d7e8",
                "sha256:48020e343fc40f72a442c8a1334284620f81295256a6b6ca6d8aa1350c763bbe",
                "sha256:5296fc86ab612ec12394565c500b412a43b328b3907c0d14358950d06fd83baf",
                "sha256:5f61bed2f7d9b6a9ab935150a6b23d7f84b8055524e7be7715b6513f3328138e",
                "sha256:68a43a9f9f83693ce0414d17e019daee7ab3f7113a70c79a3dd4c2f704e4d741",
                "sha256:6b8033d47fe22506856fe450470ccb1d8ba1ffb8463494a15cfc96392a288c09",
                "sha256:7ad7536066b28863e5835e8cfeaa794b7fe352d99a8cded9f43d1161be8e9fbd",
                "sha256:7bacb89ccf4bedb30b277e96e4cc68cd1369ca6841bde7b005191b54d3dd1034",
                "sha256:839dc7c36501254e14331bcb98b27002aa415e4af7ea039d9009409b9d2d5420",
                "sha256:8f9a95b66969cdea53ec992ecea5406c5bd99c9221f539bca1e8406b200ae98c",
                "sha256:932c03d2d565f75961ba1d3cec41ddde00e162c5b46d03f7423edcb807734eab",
                "sha256:988529edadc49039d205e0aa6ce049c5ccda4acb2d6c3c5c550c17e8c02c05ba",
                "sha256:998d7e73548fe395eeb294495a04d38942edb66d1fa61eb70418871bc621227e",
                "sha256:9de60893fb447d1e797f6bf08fdf0dbcda0c1e34c1b06c92bd3a363c0ea8c609",
                "sha256:9e80d45d0c7fcee54e22771db7f1b0b126fb4a6c0a2e5afa72f66827207ff2f2",
                "sha256:a545a3dfe5082dc8e8c3eb7f8a2cf4f2870902ff1860bd99b6198cfd1f9d1f49",
                "sha256:a5d8f29e5ec661143621a8f4de51adfb300d7a476224156a39a392254f70687b",
                "sha256:aca06bfba4759bbdb09bf52ebb15ae20268ee1f6747417837926fae990ebc41d",
                "sha256:bb23b7a6fd666e551a3094ab896a57809e010059540ad20acbeec03a154224ce",
                "sha256:bfd1d0ae7e292105f29d7deaa9d8f2916ed8553ab9d5f39ec65bcf5deadff3f9",
                "sha256:c62ca0a38958f541a73cf86acdab020c2091631c137bd359c4f5bddde7b75fd4",
                "sha256:c709d8bda72cf4cd348ccec2a4881f2c5848fd72903c185f363d361b2737f773",
                "sha256:c968a6aa7e0b56ecbd28531ddf439c2ec103610d3e2bf3b75b813304f8cb7723",
                "sha256:df785d8cb80539d0b55fd47183264b7002077859028dfe3070cf6359bf8b2d9c",
                "sha256:f406628ca51e0ae90ae76ea8398677a921b36f0bd71aab2099dfed08abd0322f",
                "sha256:f46087bbd95ebae244a0eda01a618aff11ec7a069b15a3ef8f6b520db523dcf1",
                "sha256:f8019c5279eb32360ca03e9fac40a12667715546eed5c5eb59eb381f2f501260",
                "sha256:fc5f4d209733750afd2714e9109816a29500718b32dd9a5db01c0cb3a019b96a"
            ],
            "index": "pypi",
            "version": "==4.5.3"
        },
        "coveralls": {
            "hashes": [
                "sha256:d3d49234bffd41e91b241a69f0ebb9f64d7f0515711a76134d53d4647e7eb509",
                "sha256:dafabcff87425fa2ab3122dee21229afbb4d6692cfdacc6bb895f7dfa8b2c849"
            ],
            "index": "pypi",
            "version": "==1.8.1"
        },
        "docopt": {
            "hashes": [
                "sha256:49b3a825280bd66b3aa83585ef59c4a8c82f2c8a522dbe754a8bc8d08c85c491"
            ],
            "version": "==0.6.2"
        },
        "factory-boy": {
            "hashes": [
                "sha256:728df59b372c9588b83153facf26d3d28947fc750e8e3c95cefa9bed0e6394ee",
                "sha256:faf48d608a1735f0d0a3c9cbf536d64f9132b547dae7ba452c4d99a79e84a370"
            ],
            "index": "pypi",
            "version": "==2.12.0"
        },
        "faker": {
            "hashes": [
                "sha256:2d3f866ef25e1a5af80e7b0ceeacc3c92dec5d0fdbad3e2cb6adf6e60b22188f",
                "sha256:b89aa33837498498e15c709eb40c31386408a901a53c7a5e12a425737a767976"
            ],
            "version": "==4.0.2"
        },
        "idna": {
            "hashes": [
                "sha256:c357b3f628cf53ae2c4c05627ecc484553142ca23264e593d327bcde5e9c3407",
                "sha256:ea8b7f6188e6fa117537c3df7da9fc686d485087abf6ac197f9c46432f7e4a3c"
            ],
            "version": "==2.8"
        },
        "importlib-metadata": {
            "hashes": [
                "sha256:2a688cbaa90e0cc587f1df48bdc97a6eadccdcd9c35fb3f976a09e3b5016d90f",
                "sha256:34513a8a0c4962bc66d35b359558fd8a5e10cd472d37aec5f66858addef32c1e"
            ],
            "markers": "python_version < '3.8'",
            "version": "==1.6.0"
        },
        "more-itertools": {
            "hashes": [
                "sha256:5dd8bcf33e5f9513ffa06d5ad33d78f31e1931ac9a18f33d37e77a180d393a7c",
                "sha256:b1ddb932186d8a6ac451e1d95844b382f55e12686d51ca0c68b6f61f2ab7a507"
            ],
            "version": "==8.2.0"
        },
        "packaging": {
            "hashes": [
                "sha256:3c292b474fda1671ec57d46d739d072bfd495a4f51ad01a055121d81e952b7a3",
                "sha256:82f77b9bee21c1bafbf35a84905d604d5d1223801d639cf3ed140bd651c08752"
            ],
            "version": "==20.3"
        },
        "pluggy": {
            "hashes": [
                "sha256:15b2acde666561e1298d71b523007ed7364de07029219b604cf808bfa1c765b0",
                "sha256:966c145cd83c96502c3c3868f50408687b38434af77734af1e9ca461a4081d2d"
            ],
            "version": "==0.13.1"
        },
        "py": {
            "hashes": [
                "sha256:5e27081401262157467ad6e7f851b7aa402c5852dbcb3dae06768434de5752aa",
                "sha256:c20fdd83a5dbc0af9efd622bee9a5564e278f6380fffcacc43ba6f43db2813b0"
            ],
            "version": "==1.8.1"
        },
        "pyparsing": {
            "hashes": [
                "sha256:4c830582a84fb022400b85429791bc551f1f4871c33f23e44f353119e92f969f",
                "sha256:c342dccb5250c08d45fd6f8b4a559613ca603b57498511740e65cd11a2e7dcec"
            ],
            "version": "==2.4.6"
        },
        "pytest": {
            "hashes": [
                "sha256:6ef6d06de77ce2961156013e9dff62f1b2688aa04d0dc244299fe7d67e09370d",
                "sha256:a736fed91c12681a7b34617c8fcefe39ea04599ca72c608751c31d89579a3f77"
            ],
            "index": "pypi",
            "version": "==5.0.1"
        },
        "pytest-django": {
            "hashes": [
                "sha256:264fb4c506db5d48a6364c311a0b00b7b48a52715bad8839b2d8bee9b99ed6bb",
                "sha256:4adfe5fb3ed47f0ba55506dd3daf688b1f74d5e69148c10ad2dd2f79f40c0d62"
            ],
            "index": "pypi",
            "version": "==3.5.1"
        },
        "python-dateutil": {
            "hashes": [
                "sha256:063df5763652e21de43de7d9e00ccf239f953a832941e37be541614732cdfc93",
                "sha256:88f9287c0174266bb0d8cedd395cfba9c58e87e5ad86b2ce58859bc11be3cf02"
            ],
            "index": "pypi",
            "version": "==2.7.5"
        },
        "requests": {
            "hashes": [
                "sha256:502a824f31acdacb3a35b6690b5fbf0bc41d63a24a45c4004352b0242707598e",
                "sha256:7bf2a778576d825600030a110f3c0e3e8edc51dfaafe1c146e39a2027784957b"
            ],
            "index": "pypi",
            "version": "==2.21.0"
        },
        "six": {
            "hashes": [
                "sha256:236bdbdce46e6e6a3d61a337c0f8b763ca1e8717c03b369e87a7ec7ce1319c0a",
                "sha256:8f3cd2e254d8f793e7f3d6d9df77b92252b52637291d0f0da013c76ea2724b6c"
            ],
            "version": "==1.14.0"
        },
        "text-unidecode": {
            "hashes": [
                "sha256:1311f10e8b895935241623731c2ba64f4c455287888b18189350b67134a822e8",
                "sha256:bad6603bb14d279193107714b288be206cac565dfa49aa5b105294dd5c4aab93"
            ],
            "version": "==1.3"
        },
        "urllib3": {
            "hashes": [
                "sha256:2393a695cd12afedd0dcb26fe5d50d0cf248e5a66f75dbd89a3d4eb333a61af4",
                "sha256:a637e5fae88995b256e3409dc4d52c2e2e0ba32c42a6365fee8bbd2238de3cfb"
            ],
            "version": "==1.24.3"
        },
        "wcwidth": {
            "hashes": [
                "sha256:cafe2186b3c009a04067022ce1dcd79cb38d8d65ee4f4791b8888d6599d1bbe1",
                "sha256:ee73862862a156bf77ff92b09034fc4825dd3af9cf81bc5b360668d425f3c5f1"
            ],
            "version": "==0.1.9"
        },
        "zipp": {
            "hashes": [
                "sha256:aa36550ff0c0b7ef7fa639055d797116ee891440eac1a56f378e2d3179e0320b",
                "sha256:c599e4d75c98f6798c509911d08a22e6c021d074469042177c8c86fb92eefd96"
            ],
            "version": "==3.1.0"
        }
    }
}
